
Microsoft Visual Studio Solution File, Format Version 12.00
# Visual Studio Version 16
VisualStudioVersion = 16.0.33214.272
MinimumVisualStudioVersion = 10.0.40219.1
Project("{FAE04EC0-301F-11D3-BF4B-00C04F79EFBC}") = "MrudulawebAPPGHE-Proj", "MrudulawebAPPGHE-Proj\MrudulawebAPPGHE-Proj.csproj", "{32D74D4E-3942-48C9-8F7D-1E60437A8C91}"
EndProject
Global
	GlobalSection(SolutionConfigurationPlatforms) = preSolution
		Debug|Any CPU = Debug|Any CPU
		Release|Any CPU = Release|Any CPU
	EndGlobalSection
	GlobalSection(ProjectConfigurationPlatforms) = postSolution
		{32D74D4E-3942-48C9-8F7D-1E60437A8C91}.Debug|Any CPU.ActiveCfg = Debug|Any CPU
		{32D74D4E-3942-48C9-8F7D-1E60437A8C91}.Debug|Any CPU.Build.0 = Debug|Any CPU
		{32D74D4E-3942-48C9-8F7D-1E60437A8C91}.Release|Any CPU.ActiveCfg = Release|Any CPU
		{32D74D4E-3942-48C9-8F7D-1E60437A8C91}.Release|Any CPU.Build.0 = Release|Any CPU
	EndGlobalSection
	GlobalSection(SolutionProperties) = preSolution
		HideSolutionNode = FALSE
	EndGlobalSection
	GlobalSection(ExtensibilityGlobals) = postSolution
		SolutionGuid = {930841EE-8F81-46E5-A287-F087198724BD}
	EndGlobalSection
EndGlobal
